# THIS IS AN AUTOGENERATED FILE. DO NOT EDIT THIS FILE DIRECTLY.
# yarn lockfile v1


"@danmarshall/deckgl-typings@^4.9.7":
  version "4.9.7"
  resolved "https://registry.yarnpkg.com/@danmarshall/deckgl-typings/-/deckgl-typings-4.9.7.tgz#f078722e32819aa40ebedac88bf3be4c02e97287"
  integrity sha512-9tHfbBF8/baaJtQQ4u9MMmL6bDZu6cKi7Ajs5OJKn7/KU0q7okyjo+FlXvxmJodYUn7UJQlVM/J+elTIB86sUg==
  dependencies:
    "@types/hammerjs" "^2.0.36"
    "@types/react" "*"
    indefinitely-typed "^1.1.0"

"@types/hammerjs@^2.0.36":
  version "2.0.40"
  resolved "https://registry.yarnpkg.com/@types/hammerjs/-/hammerjs-2.0.40.tgz#ded0240b6ea1ad7afc1e60374c49087aaea5dbd8"
  integrity sha512-VbjwR1fhsn2h2KXAY4oy1fm7dCxaKy0D+deTb8Ilc3Eo3rc5+5eA4rfYmZaHgNJKxVyI0f6WIXzO2zLkVmQPHA==

"@types/prop-types@*":
  version "15.7.4"
  resolved "https://registry.yarnpkg.com/@types/prop-types/-/prop-types-15.7.4.tgz#fcf7205c25dff795ee79af1e30da2c9790808f11"
  integrity sha512-rZ5drC/jWjrArrS8BR6SIr4cWpW09RNTYt9AMZo3Jwwif+iacXAqgVjm0B0Bv/S1jhDXKHqRVNCbACkJ89RAnQ==

"@types/react@*":
  version "17.0.31"
  resolved "https://registry.yarnpkg.com/@types/react/-/react-17.0.31.tgz#fe05ebf91ff3ae35bb6b13f6c1b461db8089dff8"
  integrity sha512-MQSR5EL4JZtdWRvqDgz9kXhSDDoy2zMTYyg7UhP+FZ5ttUOocWyxiqFJiI57sUG0BtaEX7WDXYQlkCYkb3X9vQ==
  dependencies:
    "@types/prop-types" "*"
    "@types/scheduler" "*"
    csstype "^3.0.2"

"@types/scheduler@*":
  version "0.16.2"
  resolved "https://registry.yarnpkg.com/@types/scheduler/-/scheduler-0.16.2.tgz#1a62f89525723dde24ba1b01b092bf5df8ad4d39"
  integrity sha512-hppQEBDmlwhFAXKJX2KnWLYu5yMfi91yazPb2l+lbJiwW+wdo1gNeRA+3RgNSO39WYX2euey41KEwnqesU2Jew==

csstype@^3.0.2:
  version "3.0.9"
  resolved "https://registry.yarnpkg.com/csstype/-/csstype-3.0.9.tgz#6410af31b26bd0520933d02cbc64fce9ce3fbf0b"
  integrity sha512-rpw6JPxK6Rfg1zLOYCSwle2GFOOsnjmDYDaBwEcwoOg4qlsIVCN789VkBZDJAGi4T07gI4YSutR43t9Zz4Lzuw==

dts2hx@^0.16.1:
  version "0.16.1"
  resolved "https://registry.yarnpkg.com/dts2hx/-/dts2hx-0.16.1.tgz#05e656261c3f52025e6c80b5e9a4a8cbc71dc24a"
  integrity sha512-f1OMWhVnrUyInJ2E8cuHrlcw7H304IrgTU9W1itmLBCJZQ3h/XUk355pZR2qCQ1BOAhGIZuYniG8vRCDaTfTpA==
  dependencies:
    typescript "3.7.4"

fs-extra@^7.0.0:
  version "7.0.1"
  resolved "https://registry.yarnpkg.com/fs-extra/-/fs-extra-7.0.1.tgz#4f189c44aa123b895f722804f55ea23eadc348e9"
  integrity sha512-YJDaCJZEnBmcbw13fvdAM9AwNOJwOzrE4pqMqBq5nFiEqXUqHwlK4B+3pUw6JNvfSPtX05xFHtYy/1ni01eGCw==
  dependencies:
    graceful-fs "^4.1.2"
    jsonfile "^4.0.0"
    universalify "^0.1.0"

graceful-fs@^4.1.2, graceful-fs@^4.1.6:
  version "4.2.8"
  resolved "https://registry.yarnpkg.com/graceful-fs/-/graceful-fs-4.2.8.tgz#e412b8d33f5e006593cbd3cee6df9f2cebbe802a"
  integrity sha512-qkIilPUYcNhJpd33n0GBXTB1MMPp14TxEsEs0pTrsSVucApsYzW5V+Q8Qxhik6KU3evy+qkAAowTByymK0avdg==

indefinitely-typed@^1.1.0:
  version "1.1.0"
  resolved "https://registry.yarnpkg.com/indefinitely-typed/-/indefinitely-typed-1.1.0.tgz#d0acd3645445e89ae1c70129be21609a0aa5a114"
  integrity sha512-giaI0hCj+wWZIZZLsmWHI+LrM4Hwc+rEZ/VrgCafKePcnE42fLnQTFt4xspqLin8fCjI5WnQr2fep/0EFqjaxw==
  dependencies:
    fs-extra "^7.0.0"
    minimist "^1.2.5"

jsonfile@^4.0.0:
  version "4.0.0"
  resolved "https://registry.yarnpkg.com/jsonfile/-/jsonfile-4.0.0.tgz#8771aae0799b64076b76640fca058f9c10e33ecb"
  integrity sha1-h3Gq4HmbZAdrdmQPygWPnBDjPss=
  optionalDependencies:
    graceful-fs "^4.1.6"

minimist@^1.2.5:
  version "1.2.5"
  resolved "https://registry.yarnpkg.com/minimist/-/minimist-1.2.5.tgz#67d66014b66a6a8aaa0c083c5fd58df4e4e97602"
  integrity sha512-FM9nNUYrRBAELZQT3xeZQ7fmMOBg6nWNmJKTcgsJeaLstP/UODVpGsr5OhXhhXg6f+qtJ8uiZ+PUxkDWcgIXLw==

typescript@3.7.4:
  version "3.7.4"
  resolved "https://registry.yarnpkg.com/typescript/-/typescript-3.7.4.tgz#1743a5ec5fef6a1fa9f3e4708e33c81c73876c19"
  integrity sha512-A25xv5XCtarLwXpcDNZzCGvW2D1S3/bACratYBx2sax8PefsFhlYmkQicKHvpYflFS8if4zne5zT5kpJ7pzuvw==

universalify@^0.1.0:
  version "0.1.2"
  resolved "https://registry.yarnpkg.com/universalify/-/universalify-0.1.2.tgz#b646f69be3942dabcecc9d6639c80dc105efaa66"
  integrity sha512-rBJeI5CXAlmy1pV+617WB9J63U6XcazHHF2f2dbJix4XzpUF0RS3Zbj0FGIOCAva5P/d/GBOYaACQ1w+0azUkg==
